
Microsoft Visual Studio Solution File, Format Version 12.00
# Visual Studio 15
VisualStudioVersion = 15.0.28010.2050
MinimumVisualStudioVersion = 10.0.40219.1
Project("{9A19103F-16F7-4668-BE54-9A1E7A4F7556}") = "CustomerFunctionsApp", "SaverFunctionApp\CustomerFunctionsApp.csproj", "{DF8DB8FE-B2A7-4184-8C2B-C038006C2AAB}"
EndProject
Project("{FAE04EC0-301F-11D3-BF4B-00C04F79EFBC}") = "AngularUI", "AngularUI\AngularUI.csproj", "{67B9885E-39BD-4E40-BC32-2F053C47E94B}"
EndProject
Global
	GlobalSection(SolutionConfigurationPlatforms) = preSolution
		Debug|Any CPU = Debug|Any CPU
		Release|Any CPU = Release|Any CPU
	EndGlobalSection
	GlobalSection(ProjectConfigurationPlatforms) = postSolution
		{DF8DB8FE-B2A7-4184-8C2B-C038006C2AAB}.Debug|Any CPU.ActiveCfg = Debug|Any CPU
		{DF8DB8FE-B2A7-4184-8C2B-C038006C2AAB}.Debug|Any CPU.Build.0 = Debug|Any CPU
		{DF8DB8FE-B2A7-4184-8C2B-C038006C2AAB}.Release|Any CPU.ActiveCfg = Release|Any CPU
		{DF8DB8FE-B2A7-4184-8C2B-C038006C2AAB}.Release|Any CPU.Build.0 = Release|Any CPU
		{67B9885E-39BD-4E40-BC32-2F053C47E94B}.Debug|Any CPU.ActiveCfg = Debug|Any CPU
		{67B9885E-39BD-4E40-BC32-2F053C47E94B}.Debug|Any CPU.Build.0 = Debug|Any CPU
		{67B9885E-39BD-4E40-BC32-2F053C47E94B}.Release|Any CPU.ActiveCfg = Release|Any CPU
		{67B9885E-39BD-4E40-BC32-2F053C47E94B}.Release|Any CPU.Build.0 = Release|Any CPU
	EndGlobalSection
	GlobalSection(SolutionProperties) = preSolution
		HideSolutionNode = FALSE
	EndGlobalSection
	GlobalSection(ExtensibilityGlobals) = postSolution
		SolutionGuid = {C78CFC3C-0155-4C13-8052-544EFA4C53EF}
	EndGlobalSection
EndGlobal
